
Microsoft Visual Studio Solution File, Format Version 11.00
# Visual Studio 2010
Project("{6989167D-11E4-40FE-8C1A-2192A86A7E90}") = "steady_pvt", "steady_pvt\steady_pvt.vfproj", "{4358508F-DEF8-4194-8FE2-188680FB1D04}"
EndProject
Global
	GlobalSection(SolutionConfigurationPlatforms) = preSolution
		Debug|Win32 = Debug|Win32
		Release|Win32 = Release|Win32
	EndGlobalSection
	GlobalSection(ProjectConfigurationPlatforms) = postSolution
		{4358508F-DEF8-4194-8FE2-188680FB1D04}.Debug|Win32.ActiveCfg = Debug|Win32
		{4358508F-DEF8-4194-8FE2-188680FB1D04}.Debug|Win32.Build.0 = Debug|Win32
		{4358508F-DEF8-4194-8FE2-188680FB1D04}.Release|Win32.ActiveCfg = Release|Win32
		{4358508F-DEF8-4194-8FE2-188680FB1D04}.Release|Win32.Build.0 = Release|Win32
	EndGlobalSection
	GlobalSection(SolutionProperties) = preSolution
		HideSolutionNode = FALSE
	EndGlobalSection
EndGlobal
